
Microsoft Visual Studio Solution File, Format Version 12.00
# Visual Studio Version 17
VisualStudioVersion = 17.4.33205.214
MinimumVisualStudioVersion = 10.0.40219.1
Project("{2150E333-8FDC-42A3-9474-1A3956D46DE8}") = "BI", "BI", "{50AF7699-D764-4DDD-96CD-78FD4B00654B}"
EndProject
Project("{2150E333-8FDC-42A3-9474-1A3956D46DE8}") = "App", "App", "{A16A8871-B773-4C68-91EB-6D606C9E66DF}"
EndProject
Project("{2150E333-8FDC-42A3-9474-1A3956D46DE8}") = "Core", "Core", "{901EF682-D1EF-46BB-8F60-F2BBB09DB1B9}"
EndProject
Project("{9A19103F-16F7-4668-BE54-9A1E7A4F7556}") = "EVisa.BI", "BI\EVisa.BI\EVisa.BI.csproj", "{29EBB6CB-68AA-49AF-B84A-EEB4B855FBCE}"
EndProject
Project("{9A19103F-16F7-4668-BE54-9A1E7A4F7556}") = "EVisa.Core", "Core\EVisa.Core\EVisa.Core.csproj", "{FA1088CA-33D0-4845-8B85-868EFABBF273}"
EndProject
Project("{2150E333-8FDC-42A3-9474-1A3956D46DE8}") = "Domain", "Domain", "{6CE3BB58-0003-4A28-837F-5402A5C3F817}"
EndProject
Project("{9A19103F-16F7-4668-BE54-9A1E7A4F7556}") = "EVisa.Entities", "Domain\EVisa.Entities\EVisa.Entities.csproj", "{6A411C66-76B3-4DA4-8A35-F8EE6AFC5367}"
EndProject
Project("{9A19103F-16F7-4668-BE54-9A1E7A4F7556}") = "EVisa.Dtos", "Domain\EVisa.Dtos\EVisa.Dtos.csproj", "{79B80FD8-1637-43B5-B448-5A313A77D2FD}"
EndProject
Project("{2150E333-8FDC-42A3-9474-1A3956D46DE8}") = "Dal", "Dal", "{7A3D7DA1-F049-44AE-BF27-32DD2204CD78}"
EndProject
Project("{9A19103F-16F7-4668-BE54-9A1E7A4F7556}") = "EVisa.Dal", "Dal\EVisa.Dal\EVisa.Dal.csproj", "{6DA34B1B-FA4E-4495-8D83-138F90F512C4}"
EndProject
Project("{FAE04EC0-301F-11D3-BF4B-00C04F79EFBC}") = "EVisa.Api", "App\EVisa.Api\EVisa.Api.csproj", "{A0CFECFF-54E1-4EA2-8B6B-32AA600B0DFF}"
EndProject
Global
	GlobalSection(SolutionConfigurationPlatforms) = preSolution
		Debug|Any CPU = Debug|Any CPU
		Release|Any CPU = Release|Any CPU
	EndGlobalSection
	GlobalSection(ProjectConfigurationPlatforms) = postSolution
		{29EBB6CB-68AA-49AF-B84A-EEB4B855FBCE}.Debug|Any CPU.ActiveCfg = Debug|Any CPU
		{29EBB6CB-68AA-49AF-B84A-EEB4B855FBCE}.Debug|Any CPU.Build.0 = Debug|Any CPU
		{29EBB6CB-68AA-49AF-B84A-EEB4B855FBCE}.Release|Any CPU.ActiveCfg = Release|Any CPU
		{29EBB6CB-68AA-49AF-B84A-EEB4B855FBCE}.Release|Any CPU.Build.0 = Release|Any CPU
		{FA1088CA-33D0-4845-8B85-868EFABBF273}.Debug|Any CPU.ActiveCfg = Debug|Any CPU
		{FA1088CA-33D0-4845-8B85-868EFABBF273}.Debug|Any CPU.Build.0 = Debug|Any CPU
		{FA1088CA-33D0-4845-8B85-868EFABBF273}.Release|Any CPU.ActiveCfg = Release|Any CPU
		{FA1088CA-33D0-4845-8B85-868EFABBF273}.Release|Any CPU.Build.0 = Release|Any CPU
		{6A411C66-76B3-4DA4-8A35-F8EE6AFC5367}.Debug|Any CPU.ActiveCfg = Debug|Any CPU
		{6A411C66-76B3-4DA4-8A35-F8EE6AFC5367}.Debug|Any CPU.Build.0 = Debug|Any CPU
		{6A411C66-76B3-4DA4-8A35-F8EE6AFC5367}.Release|Any CPU.ActiveCfg = Release|Any CPU
		{6A411C66-76B3-4DA4-8A35-F8EE6AFC5367}.Release|Any CPU.Build.0 = Release|Any CPU
		{79B80FD8-1637-43B5-B448-5A313A77D2FD}.Debug|Any CPU.ActiveCfg = Debug|Any CPU
		{79B80FD8-1637-43B5-B448-5A313A77D2FD}.Debug|Any CPU.Build.0 = Debug|Any CPU
		{79B80FD8-1637-43B5-B448-5A313A77D2FD}.Release|Any CPU.ActiveCfg = Release|Any CPU
		{79B80FD8-1637-43B5-B448-5A313A77D2FD}.Release|Any CPU.Build.0 = Release|Any CPU
		{6DA34B1B-FA4E-4495-8D83-138F90F512C4}.Debug|Any CPU.ActiveCfg = Debug|Any CPU
		{6DA34B1B-FA4E-4495-8D83-138F90F512C4}.Debug|Any CPU.Build.0 = Debug|Any CPU
		{6DA34B1B-FA4E-4495-8D83-138F90F512C4}.Release|Any CPU.ActiveCfg = Release|Any CPU
		{6DA34B1B-FA4E-4495-8D83-138F90F512C4}.Release|Any CPU.Build.0 = Release|Any CPU
		{A0CFECFF-54E1-4EA2-8B6B-32AA600B0DFF}.Debug|Any CPU.ActiveCfg = Debug|Any CPU
		{A0CFECFF-54E1-4EA2-8B6B-32AA600B0DFF}.Debug|Any CPU.Build.0 = Debug|Any CPU
		{A0CFECFF-54E1-4EA2-8B6B-32AA600B0DFF}.Release|Any CPU.ActiveCfg = Release|Any CPU
		{A0CFECFF-54E1-4EA2-8B6B-32AA600B0DFF}.Release|Any CPU.Build.0 = Release|Any CPU
	EndGlobalSection
	GlobalSection(SolutionProperties) = preSolution
		HideSolutionNode = FALSE
	EndGlobalSection
	GlobalSection(NestedProjects) = preSolution
		{29EBB6CB-68AA-49AF-B84A-EEB4B855FBCE} = {50AF7699-D764-4DDD-96CD-78FD4B00654B}
		{FA1088CA-33D0-4845-8B85-868EFABBF273} = {901EF682-D1EF-46BB-8F60-F2BBB09DB1B9}
		{6A411C66-76B3-4DA4-8A35-F8EE6AFC5367} = {6CE3BB58-0003-4A28-837F-5402A5C3F817}
		{79B80FD8-1637-43B5-B448-5A313A77D2FD} = {6CE3BB58-0003-4A28-837F-5402A5C3F817}
		{6DA34B1B-FA4E-4495-8D83-138F90F512C4} = {7A3D7DA1-F049-44AE-BF27-32DD2204CD78}
		{A0CFECFF-54E1-4EA2-8B6B-32AA600B0DFF} = {A16A8871-B773-4C68-91EB-6D606C9E66DF}
	EndGlobalSection
	GlobalSection(ExtensibilityGlobals) = postSolution
		SolutionGuid = {C8C9672E-95E4-49FD-8A27-FF62940F9034}
	EndGlobalSection
EndGlobal
